// !$*UTF8*$!
{
	archiveVersion = 1;
	classes = {
	};
	objectVersion = 46;
	objects = {

/* Begin PBXBuildFile section */
		1FF4519B1B0053870015F9D3 /* AppDelegate.swift in Sources */ = {isa = PBXBuildFile; fileRef = 1FF4519A1B0053870015F9D3 /* AppDelegate.swift */; };
		1FF4519D1B0053870015F9D3 /* ViewController.swift in Sources */ = {isa = PBXBuildFile; fileRef = 1FF4519C1B0053870015F9D3 /* ViewController.swift */; };
		1FF451A01B0053870015F9D3 /* Main.storyboard in Resources */ = {isa = PBXBuildFile; fileRef = 1FF4519E1B0053870015F9D3 /* Main.storyboard */; };
		1FF451A21B0053870015F9D3 /* Images.xcassets in Resources */ = {isa = PBXBuildFile; fileRef = 1FF451A11B0053870015F9D3 /* Images.xcassets */; };
		1FF451A51B0053870015F9D3 /* LaunchScreen.xib in Resources */ = {isa = PBXBuildFile; fileRef = 1FF451A31B0053870015F9D3 /* LaunchScreen.xib */; };
		1FF451B11B0053870015F9D3 /* SJParallaxCellTests.swift in Sources */ = {isa = PBXBuildFile; fileRef = 1FF451B01B0053870015F9D3 /* SJParallaxCellTests.swift */; };
/* End PBXBuildFile section */

/* Begin PBXContainerItemProxy section */
		1FF451AB1B0053870015F9D3 /* PBXContainerItemProxy */ = {
			isa = PBXContainerItemProxy;
			containerPortal = 1FF4518D1B0053870015F9D3 /* Project object */;
			proxyType = 1;
			remoteGlobalIDString = 1FF451941B0053870015F9D3;
			remoteInfo = SJParallaxCell;
		};
/* End PBXContainerItemProxy section */

/* Begin PBXFileReference section */
		1FF451951B0053870015F9D3 /* SJParallaxCell.app */ = {isa = PBXFileReference; explicitFileType = wrapper.application; includeInIndex = 0; path = SJParallaxCell.app; sourceTree = BUILT_PRODUCTS_DIR; };
		1FF451991B0053870015F9D3 /* Info.plist */ = {isa = PBXFileReference; lastKnownFileType = text.plist.xml; path = Info.plist; sourceTree = "<group>"; };
		1FF4519A1B0053870015F9D3 /* AppDelegate.swift */ = {isa = PBXFileReference; lastKnownFileType = sourcecode.swift; path = AppDelegate.swift; sourceTree = "<group>"; };
		1FF4519C1B0053870015F9D3 /* ViewController.swift */ = {isa = PBXFileReference; lastKnownFileType = sourcecode.swift; path = ViewController.swift; sourceTree = "<group>"; };
		1FF4519F1B0053870015F9D3 /* Base */ = {isa = PBXFileReference; lastKnownFileType = file.storyboard; name = Base; path = Base.lproj/Main.storyboard; sourceTree = "<group>"; };
		1FF451A11B0053870015F9D3 /* Images.xcassets */ = {isa = PBXFileReference; lastKnownFileType = folder.assetcatalog; path = Images.xcassets; sourceTree = "<group>"; };
		1FF451A41B0053870015F9D3 /* Base */ = {isa = PBXFileReference; lastKnownFileType = file.xib; name = Base; path = Base.lproj/LaunchScreen.xib; sourceTree = "<group>"; };
		1FF451AA1B0053870015F9D3 /* SJParallaxCellTests.xctest */ = {isa = PBXFileReference; explicitFileType = wrapper.cfbundle; includeInIndex = 0; path = SJParallaxCellTests.xctest; sourceTree = BUILT_PRODUCTS_DIR; };
		1FF451AF1B0053870015F9D3 /* Info.plist */ = {isa = PBXFileReference; lastKnownFileType = text.plist.xml; path = Info.plist; sourceTree = "<group>"; };
		1FF451B01B0053870015F9D3 /* SJParallaxCellTests.swift */ = {isa = PBXFileReference; lastKnownFileType = sourcecode.swift; path = SJParallaxCellTests.swift; sourceTree = "<group>"; };
/* End PBXFileReference section */

/* Begin PBXFrameworksBuildPhase section */
		1FF451921B0053870015F9D3 /* Frameworks */ = {
			isa = PBXFrameworksBuildPhase;
			buildActionMask = 2147483647;
			files = (
			);
			runOnlyForDeploymentPostprocessing = 0;
		};
		1FF451A71B0053870015F9D3 /* Frameworks */ = {
			isa = PBXFrameworksBuildPhase;
			buildActionMask = 2147483647;
			files = (
			);
			runOnlyForDeploymentPostprocessing = 0;
		};
/* End PBXFrameworksBuildPhase section */

/* Begin PBXGroup section */
		1FF4518C1B0053870015F9D3 = {
			isa = PBXGroup;
			children = (
				1FF451971B0053870015F9D3 /* SJParallaxCell */,
				1FF451AD1B0053870015F9D3 /* SJParallaxCellTests */,
				1FF451961B0053870015F9D3 /* Products */,
			);
			sourceTree = "<group>";
		};
		1FF451961B0053870015F9D3 /* Products */ = {
			isa = PBXGroup;
			children = (
				1FF451951B0053870015F9D3 /* SJParallaxCell.app */,
				1FF451AA1B0053870015F9D3 /* SJParallaxCellTests.xctest */,
			);
			name = Products;
			sourceTree = "<group>";
		};
		1FF451971B0053870015F9D3 /* SJParallaxCell */ = {
			isa = PBXGroup;
			children = (
				1FF4519A1B0053870015F9D3 /* AppDelegate.swift */,
				1FF4519C1B0053870015F9D3 /* ViewController.swift */,
				1FF4519E1B0053870015F9D3 /* Main.storyboard */,
				1FF451A11B0053870015F9D3 /* Images.xcassets */,
				1FF451A31B0053870015F9D3 /* LaunchScreen.xib */,
				1FF451981B0053870015F9D3 /* Supporting Files */,
			);
			path = SJParallaxCell;
			sourceTree = "<group>";
		};
		1FF451981B0053870015F9D3 /* Supporting Files */ = {
			isa = PBXGroup;
			children = (
				1FF451991B0053870015F9D3 /* Info.plist */,
			);
			name = "Supporting Files";
			sourceTree = "<group>";
		};
		1FF451AD1B0053870015F9D3 /* SJParallaxCellTests */ = {
			isa = PBXGroup;
			children = (
				1FF451B01B0053870015F9D3 /* SJParallaxCellTests.swift */,
				1FF451AE1B0053870015F9D3 /* Supporting Files */,
			);
			path = SJParallaxCellTests;
			sourceTree = "<group>";
		};
		1FF451AE1B0053870015F9D3 /* Supporting Files */ = {
			isa = PBXGroup;
			children = (
				1FF451AF1B0053870015F9D3 /* Info.plist */,
			);
			name = "Supporting Files";
			sourceTree = "<group>";
		};
/* End PBXGroup section */

/* Begin PBXNativeTarget section */
		1FF451941B0053870015F9D3 /* SJParallaxCell */ = {
			isa = PBXNativeTarget;
			buildConfigurationList = 1FF451B41B0053870015F9D3 /* Build configuration list for PBXNativeTarget "SJParallaxCell" */;
			buildPhases = (
				1FF451911B0053870015F9D3 /* Sources */,
				1FF451921B0053870015F9D3 /* Frameworks */,
				1FF451931B0053870015F9D3 /* Resources */,
			);
			buildRules = (
			);
			dependencies = (
			);
			name = SJParallaxCell;
			productName = SJParallaxCell;
			productReference = 1FF451951B0053870015F9D3 /* SJParallaxCell.app */;
			productType = "com.apple.product-type.application";
		};
		1FF451A91B0053870015F9D3 /* SJParallaxCellTests */ = {
			isa = PBXNativeTarget;
			buildConfigurationList = 1FF451B71B0053870015F9D3 /* Build configuration list for PBXNativeTarget "SJParallaxCellTests" */;
			buildPhases = (
				1FF451A61B0053870015F9D3 /* Sources */,
				1FF451A71B0053870015F9D3 /* Frameworks */,
				1FF451A81B0053870015F9D3 /* Resources */,
			);
			buildRules = (
			);
			dependencies = (
				1FF451AC1B0053870015F9D3 /* PBXTargetDependency */,
			);
			name = SJParallaxCellTests;
			productName = SJParallaxCellTests;
			productReference = 1FF451AA1B0053870015F9D3 /* SJParallaxCellTests.xctest */;
			productType = "com.apple.product-type.bundle.unit-test";
		};
/* End PBXNativeTarget section */

/* Begin PBXProject section */
		1FF4518D1B0053870015F9D3 /* Project object */ = {
			isa = PBXProject;
			attributes = {
				LastUpgradeCheck = 0630;
				ORGANIZATIONNAME = "Saurabh Jain";
				TargetAttributes = {
					1FF451941B0053870015F9D3 = {
						CreatedOnToolsVersion = 6.3.1;
					};
					1FF451A91B0053870015F9D3 = {
						CreatedOnToolsVersion = 6.3.1;
						TestTargetID = 1FF451941B0053870015F9D3;
					};
				};
			};
			buildConfigurationList = 1FF451901B0053870015F9D3 /* Build configuration list for PBXProject "SJParallaxCell" */;
			compatibilityVersion = "Xcode 3.2";
			developmentRegion = English;
			hasScannedForEncodings = 0;
			knownRegions = (
				en,
				Base,
			);
			mainGroup = 1FF4518C1B0053870015F9D3;
			productRefGroup = 1FF451961B0053870015F9D3 /* Products */;
			projectDirPath = "";
			projectRoot = "";
			targets = (
				1FF451941B0053870015F9D3 /* SJParallaxCell */,
				1FF451A91B0053870015F9D3 /* SJParallaxCellTests */,
			);
		};
/* End PBXProject section */

/* Begin PBXResourcesBuildPhase section */
		1FF451931B0053870015F9D3 /* Resources */ = {
			isa = PBXResourcesBuildPhase;
			buildActionMask = 2147483647;
			files = (
				1FF451A01B0053870015F9D3 /* Main.storyboard in Resources */,
				1FF451A51B0053870015F9D3 /* LaunchScreen.xib in Resources */,
				1FF451A21B0053870015F9D3 /* Images.xcassets in Resources */,
			);
			runOnlyForDeploymentPostprocessing = 0;
		};
		1FF451A81B0053870015F9D3 /* Resources */ = {
			isa = PBXResourcesBuildPhase;
			buildActionMask = 2147483647;
			files = (
			);
			runOnlyForDeploymentPostprocessing = 0;
		};
/* End PBXResourcesBuildPhase section */

/* Begin PBXSourcesBuildPhase section */
		1FF451911B0053870015F9D3 /* Sources */ = {
			isa = PBXSourcesBuildPhase;
			buildActionMask = 2147483647;
			files = (
				1FF4519D1B0053870015F9D3 /* ViewController.swift in Sources */,
				1FF4519B1B0053870015F9D3 /* AppDelegate.swift in Sources */,
			);
			runOnlyForDeploymentPostprocessing = 0;
		};
		1FF451A61B0053870015F9D3 /* Sources */ = {
			isa = PBXSourcesBuildPhase;
			buildActionMask = 2147483647;
			files = (
				1FF451B11B0053870015F9D3 /* SJParallaxCellTests.swift in Sources */,
			);
			runOnlyForDeploymentPostprocessing = 0;
		};
/* End PBXSourcesBuildPhase section */

/* Begin PBXTargetDependency section */
		1FF451AC1B0053870015F9D3 /* PBXTargetDependency */ = {
			isa = PBXTargetDependency;
			target = 1FF451941B0053870015F9D3 /* SJParallaxCell */;
			targetProxy = 1FF451AB1B0053870015F9D3 /* PBXContainerItemProxy */;
		};
/* End PBXTargetDependency section */

/* Begin PBXVariantGroup section */
		1FF4519E1B0053870015F9D3 /* Main.storyboard */ = {
			isa = PBXVariantGroup;
			children = (
				1FF4519F1B0053870015F9D3 /* Base */,
			);
			name = Main.storyboard;
			sourceTree = "<group>";
		};
		1FF451A31B0053870015F9D3 /* LaunchScreen.xib */ = {
			isa = PBXVariantGroup;
			children = (
				1FF451A41B0053870015F9D3 /* Base */,
			);
			name = LaunchScreen.xib;
			sourceTree = "<group>";
		};
/* End PBXVariantGroup section */

/* Begin XCBuildConfiguration section */
		1FF451B21B0053870015F9D3 /* Debug */ = {
			isa = XCBuildConfiguration;
			buildSettings = {
				ALWAYS_SEARCH_USER_PATHS = NO;
				CLANG_CXX_LANGUAGE_STANDARD = "gnu++0x";
				CLANG_CXX_LIBRARY = "libc++";
				CLANG_ENABLE_MODULES = YES;
				CLANG_ENABLE_OBJC_ARC = YES;
				CLANG_WARN_BOOL_CONVERSION = YES;
				CLANG_WARN_CONSTANT_CONVERSION = YES;
				CLANG_WARN_DIRECT_OBJC_ISA_USAGE = YES_ERROR;
				CLANG_WARN_EMPTY_BODY = YES;
				CLANG_WARN_ENUM_CONVERSION = YES;
				CLANG_WARN_INT_CONVERSION = YES;
				CLANG_WARN_OBJC_ROOT_CLASS = YES_ERROR;
				CLANG_WARN_UNREACHABLE_CODE = YES;
				CLANG_WARN__DUPLICATE_METHOD_MATCH = YES;
				"CODE_SIGN_IDENTITY[sdk=iphoneos*]" = "iPhone Developer";
				COPY_PHASE_STRIP = NO;
				DEBUG_INFORMATION_FORMAT = "dwarf-with-dsym";
				ENABLE_STRICT_OBJC_MSGSEND = YES;
				GCC_C_LANGUAGE_STANDARD = gnu99;
				GCC_DYNAMIC_NO_PIC = NO;
				GCC_NO_COMMON_BLOCKS = YES;
				GCC_OPTIMIZATION_LEVEL = 0;
				GCC_PREPROCESSOR_DEFINITIONS = (
					"DEBUG=1",
					"$(inherited)",
				);
				GCC_SYMBOLS_PRIVATE_EXTERN = NO;
				GCC_WARN_64_TO_32_BIT_CONVERSION = YES;
				GCC_WARN_ABOUT_RETURN_TYPE = YES_ERROR;
				GCC_WARN_UNDECLARED_SELECTOR = YES;
				GCC_WARN_UNINITIALIZED_AUTOS = YES_AGGRESSIVE;
				GCC_WARN_UNUSED_FUNCTION = YES;
				GCC_WARN_UNUSED_VARIABLE = YES;
				IPHONEOS_DEPLOYMENT_TARGET = 8.3;
				MTL_ENABLE_DEBUG_INFO = YES;
				ONLY_ACTIVE_ARCH = YES;
				SDKROOT = iphoneos;
				SWIFT_OPTIMIZATION_LEVEL = "-Onone";
			};
			name = Debug;
		};
		1FF451B31B0053870015F9D3 /* Release */ = {
			isa = XCBuildConfiguration;
			buildSettings = {
				ALWAYS_SEARCH_USER_PATHS = NO;
				CLANG_CXX_LANGUAGE_STANDARD = "gnu++0x";
				CLANG_CXX_LIBRARY = "libc++";
				CLANG_ENABLE_MODULES = YES;
				CLANG_ENABLE_OBJC_ARC = YES;
				CLANG_WARN_BOOL_CONVERSION = YES;
				CLANG_WARN_CONSTANT_CONVERSION = YES;
				CLANG_WARN_DIRECT_OBJC_ISA_USAGE = YES_ERROR;
				CLANG_WARN_EMPTY_BODY = YES;
				CLANG_WARN_ENUM_CONVERSION = YES;
				CLANG_WARN_INT_CONVERSION = YES;
				CLANG_WARN_OBJC_ROOT_CLASS = YES_ERROR;
				CLANG_WARN_UNREACHABLE_CODE = YES;
				CLANG_WARN__DUPLICATE_METHOD_MATCH = YES;
				"CODE_SIGN_IDENTITY[sdk=iphoneos*]" = "iPhone Developer";
				COPY_PHASE_STRIP = NO;
				DEBUG_INFORMATION_FORMAT = "dwarf-with-dsym";
				ENABLE_NS_ASSERTIONS = NO;
				ENABLE_STRICT_OBJC_MSGSEND = YES;
				GCC_C_LANGUAGE_STANDARD = gnu99;
				GCC_NO_COMMON_BLOCKS = YES;
				GCC_WARN_64_TO_32_BIT_CONVERSION = YES;
				GCC_WARN_ABOUT_RETURN_TYPE = YES_ERROR;
				GCC_WARN_UNDECLARED_SELECTOR = YES;
				GCC_WARN_UNINITIALIZED_AUTOS = YES_AGGRESSIVE;
				GCC_WARN_UNUSED_FUNCTION = YES;
				GCC_WARN_UNUSED_VARIABLE = YES;
				IPHONEOS_DEPLOYMENT_TARGET = 8.3;
				MTL_ENABLE_DEBUG_INFO = NO;
				SDKROOT = iphoneos;
				VALIDATE_PRODUCT = YES;
			};
			name = Release;
		};
		1FF451B51B0053870015F9D3 /* Debug */ = {
			isa = XCBuildConfiguration;
			buildSettings = {
				ASSETCATALOG_COMPILER_APPICON_NAME = AppIcon;
				INFOPLIST_FILE = SJParallaxCell/Info.plist;
				LD_RUNPATH_SEARCH_PATHS = "$(inherited) @executable_path/Frameworks";
				PRODUCT_NAME = "$(TARGET_NAME)";
			};
			name = Debug;
		};
		1FF451B61B0053870015F9D3 /* Release */ = {
			isa = XCBuildConfiguration;
			buildSettings = {
				ASSETCATALOG_COMPILER_APPICON_NAME = AppIcon;
				INFOPLIST_FILE = SJParallaxCell/Info.plist;
				LD_RUNPATH_SEARCH_PATHS = "$(inherited) @executable_path/Frameworks";
				PRODUCT_NAME = "$(TARGET_NAME)";
			};
			name = Release;
		};
		1FF451B81B0053870015F9D3 /* Debug */ = {
			isa = XCBuildConfiguration;
			buildSettings = {
				BUNDLE_LOADER = "$(TEST_HOST)";
				FRAMEWORK_SEARCH_PATHS = (
					"$(SDKROOT)/Developer/Library/Frameworks",
					"$(inherited)",
				);
				GCC_PREPROCESSOR_DEFINITIONS = (
					"DEBUG=1",
					"$(inherited)",
				);
				INFOPLIST_FILE = SJParallaxCellTests/Info.plist;
				LD_RUNPATH_SEARCH_PATHS = "$(inherited) @executable_path/Frameworks @loader_path/Frameworks";
				PRODUCT_NAME = "$(TARGET_NAME)";
				TEST_HOST = "$(BUILT_PRODUCTS_DIR)/SJParallaxCell.app/SJParallaxCell";
			};
			name = Debug;
		};
		1FF451B91B0053870015F9D3 /* Release */ = {
			isa = XCBuildConfiguration;
			buildSettings = {
				BUNDLE_LOADER = "$(TEST_HOST)";
				FRAMEWORK_SEARCH_PATHS = (
					"$(SDKROOT)/Developer/Library/Frameworks",
					"$(inherited)",
				);
				INFOPLIST_FILE = SJParallaxCellTests/Info.plist;
				LD_RUNPATH_SEARCH_PATHS = "$(inherited) @executable_path/Frameworks @loader_path/Frameworks";
				PRODUCT_NAME = "$(TARGET_NAME)";
				TEST_HOST = "$(BUILT_PRODUCTS_DIR)/SJParallaxCell.app/SJParallaxCell";
			};
			name = Release;
		};
/* End XCBuildConfiguration section */

/* Begin XCConfigurationList section */
		1FF451901B0053870015F9D3 /* Build configuration list for PBXProject "SJParallaxCell" */ = {
			isa = XCConfigurationList;
			buildConfigurations = (
				1FF451B21B0053870015F9D3 /* Debug */,
				1FF451B31B0053870015F9D3 /* Release */,
			);
			defaultConfigurationIsVisible = 0;
			defaultConfigurationName = Release;
		};
		1FF451B41B0053870015F9D3 /* Build configuration list for PBXNativeTarget "SJParallaxCell" */ = {
			isa = XCConfigurationList;
			buildConfigurations = (
				1FF451B51B0053870015F9D3 /* Debug */,
				1FF451B61B0053870015F9D3 /* Release */,
			);
			defaultConfigurationIsVisible = 0;
		};
		1FF451B71B0053870015F9D3 /* Build configuration list for PBXNativeTarget "SJParallaxCellTests" */ = {
			isa = XCConfigurationList;
			buildConfigurations = (
				1FF451B81B0053870015F9D3 /* Debug */,
				1FF451B91B0053870015F9D3 /* Release */,
			);
			defaultConfigurationIsVisible = 0;
		};
/* End XCConfigurationList section */
	};
	rootObject = 1FF4518D1B0053870015F9D3 /* Project object */;
}
